
Microsoft Visual Studio Solution File, Format Version 12.00
# Visual Studio 15
VisualStudioVersion = 15.0.28010.2026
MinimumVisualStudioVersion = 10.0.40219.1
Project("{FAE04EC0-301F-11D3-BF4B-00C04F79EFBC}") = "PMXand3OPTalg", "PMXand3OPTalg.csproj", "{9E1C4E55-DF99-4A4B-A3F6-D8CF34B50B4C}"
EndProject
Global
	GlobalSection(SolutionConfigurationPlatforms) = preSolution
		Debug|Any CPU = Debug|Any CPU
		Release|Any CPU = Release|Any CPU
	EndGlobalSection
	GlobalSection(ProjectConfigurationPlatforms) = postSolution
		{9E1C4E55-DF99-4A4B-A3F6-D8CF34B50B4C}.Debug|Any CPU.ActiveCfg = Debug|Any CPU
		{9E1C4E55-DF99-4A4B-A3F6-D8CF34B50B4C}.Debug|Any CPU.Build.0 = Debug|Any CPU
		{9E1C4E55-DF99-4A4B-A3F6-D8CF34B50B4C}.Release|Any CPU.ActiveCfg = Release|Any CPU
		{9E1C4E55-DF99-4A4B-A3F6-D8CF34B50B4C}.Release|Any CPU.Build.0 = Release|Any CPU
	EndGlobalSection
	GlobalSection(SolutionProperties) = preSolution
		HideSolutionNode = FALSE
	EndGlobalSection
	GlobalSection(ExtensibilityGlobals) = postSolution
		SolutionGuid = {AEE67493-4115-480D-A38F-50AE1AB373BA}
	EndGlobalSection
EndGlobal
